
Microsoft Visual Studio Solution File, Format Version 12.00
# Visual Studio Version 17
VisualStudioVersion = 17.10.34916.146
MinimumVisualStudioVersion = 10.0.40219.1
Project("{FAE04EC0-301F-11D3-BF4B-00C04F79EFBC}") = "Exam_3Modul.Server", "Exam_3Modul.Server\Exam_3Modul.Server.csproj", "{344930F7-4E78-4082-B628-B2A613B777EE}"
EndProject
Global
	GlobalSection(SolutionConfigurationPlatforms) = preSolution
		Debug|Any CPU = Debug|Any CPU
		Release|Any CPU = Release|Any CPU
	EndGlobalSection
	GlobalSection(ProjectConfigurationPlatforms) = postSolution
		{344930F7-4E78-4082-B628-B2A613B777EE}.Debug|Any CPU.ActiveCfg = Debug|Any CPU
		{344930F7-4E78-4082-B628-B2A613B777EE}.Debug|Any CPU.Build.0 = Debug|Any CPU
		{344930F7-4E78-4082-B628-B2A613B777EE}.Release|Any CPU.ActiveCfg = Release|Any CPU
		{344930F7-4E78-4082-B628-B2A613B777EE}.Release|Any CPU.Build.0 = Release|Any CPU
	EndGlobalSection
	GlobalSection(SolutionProperties) = preSolution
		HideSolutionNode = FALSE
	EndGlobalSection
	GlobalSection(ExtensibilityGlobals) = postSolution
		SolutionGuid = {E0688ED7-C483-4351-81E5-3EEB11116D4B}
	EndGlobalSection
EndGlobal
